<?xml version="1.0" encoding="utf-8"?>
<Project ToolsVersion="4.0" xmlns="http://schemas.microsoft.com/developer/msbuild/2003">
  <ItemGroup>
    <Filter Include="tape">
      <UniqueIdentifier>
      </UniqueIdentifier>
    </Filter>
    <Filter Include="tape\modules">
      <UniqueIdentifier>
      </UniqueIdentifier>
    </Filter>
    <Filter Include="tape\modules\cmdline_parser">
      <UniqueIdentifier>
      </UniqueIdentifier>
    </Filter>
  </ItemGroup>
  <ItemGroup>
    <ClCompile Include="..\..\src\main.cpp">
      <Filter>tape</Filter>
    </ClCompile>
    <ClCompile Include="$(CmdlineParserDir)\cmdline_parser.cpp">
      <Filter>tape\modules\cmdline_parser</Filter>
    </ClCompile>
  </ItemGroup>
  <ItemGroup>
    <ClInclude Include="$(CmdlineParserDir)\cmdline_parser.h">
      <Filter>tape\modules\cmdline_parser</Filter>
    </ClInclude>
  </ItemGroup>
</Project>